
Microsoft Visual Studio Solution File, Format Version 12.00
# Visual Studio Version 17
VisualStudioVersion = 17.9.34616.47
MinimumVisualStudioVersion = 10.0.40219.1
Project("{FAE04EC0-301F-11D3-BF4B-00C04F79EFBC}") = "WeatherApiApp", "WeatherApiApp.csproj", "{50EF3121-362D-4D25-983B-F9EDF8E10540}"
EndProject
Global
	GlobalSection(SolutionConfigurationPlatforms) = preSolution
		Debug|Any CPU = Debug|Any CPU
		Release|Any CPU = Release|Any CPU
	EndGlobalSection
	GlobalSection(ProjectConfigurationPlatforms) = postSolution
		{50EF3121-362D-4D25-983B-F9EDF8E10540}.Debug|Any CPU.ActiveCfg = Debug|Any CPU
		{50EF3121-362D-4D25-983B-F9EDF8E10540}.Debug|Any CPU.Build.0 = Debug|Any CPU
		{50EF3121-362D-4D25-983B-F9EDF8E10540}.Debug|Any CPU.Deploy.0 = Debug|Any CPU
		{50EF3121-362D-4D25-983B-F9EDF8E10540}.Release|Any CPU.ActiveCfg = Release|Any CPU
		{50EF3121-362D-4D25-983B-F9EDF8E10540}.Release|Any CPU.Build.0 = Release|Any CPU
		{50EF3121-362D-4D25-983B-F9EDF8E10540}.Release|Any CPU.Deploy.0 = Release|Any CPU
	EndGlobalSection
	GlobalSection(SolutionProperties) = preSolution
		HideSolutionNode = FALSE
	EndGlobalSection
	GlobalSection(ExtensibilityGlobals) = postSolution
		SolutionGuid = {A8857335-53C9-465A-8406-AB666E88DB3F}
	EndGlobalSection
EndGlobal
